
Microsoft Visual Studio Solution File, Format Version 12.00
# Visual Studio Version 16
VisualStudioVersion = 16.0.809.7
MinimumVisualStudioVersion = 10.0.40219.1
Project("{FAE04EC0-301F-11D3-BF4B-00C04F79EFBC}") = "NadaMVC", "NadaMVC\NadaMVC.csproj", "{37E7F8C9-8300-4077-9822-094CB8523864}"
EndProject
Global
	GlobalSection(SolutionConfigurationPlatforms) = preSolution
		Debug|Any CPU = Debug|Any CPU
		Release|Any CPU = Release|Any CPU
	EndGlobalSection
	GlobalSection(ProjectConfigurationPlatforms) = postSolution
		{37E7F8C9-8300-4077-9822-094CB8523864}.Debug|Any CPU.ActiveCfg = Debug|Any CPU
		{37E7F8C9-8300-4077-9822-094CB8523864}.Debug|Any CPU.Build.0 = Debug|Any CPU
		{37E7F8C9-8300-4077-9822-094CB8523864}.Release|Any CPU.ActiveCfg = Release|Any CPU
		{37E7F8C9-8300-4077-9822-094CB8523864}.Release|Any CPU.Build.0 = Release|Any CPU
	EndGlobalSection
	GlobalSection(SolutionProperties) = preSolution
		HideSolutionNode = FALSE
	EndGlobalSection
	GlobalSection(ExtensibilityGlobals) = postSolution
		SolutionGuid = {8896E40B-0977-4AFE-B165-6BCF3B48D4AB}
	EndGlobalSection
EndGlobal
