
Microsoft Visual Studio Solution File, Format Version 12.00
Project("{FAE04EC0-301F-11D3-BF4B-00C04F79EFBC}") = "backend", "backend.csproj", "{257E3EEA-F701-4732-B62E-40133E9B3D85}"
EndProject
Global
	GlobalSection(SolutionConfigurationPlatforms) = preSolution
		Debug|Any CPU = Debug|Any CPU
		Release|Any CPU = Release|Any CPU
	EndGlobalSection
	GlobalSection(ProjectConfigurationPlatforms) = postSolution
		{257E3EEA-F701-4732-B62E-40133E9B3D85}.Debug|Any CPU.ActiveCfg = Debug|Any CPU
		{257E3EEA-F701-4732-B62E-40133E9B3D85}.Debug|Any CPU.Build.0 = Debug|Any CPU
		{257E3EEA-F701-4732-B62E-40133E9B3D85}.Release|Any CPU.ActiveCfg = Release|Any CPU
		{257E3EEA-F701-4732-B62E-40133E9B3D85}.Release|Any CPU.Build.0 = Release|Any CPU
	EndGlobalSection
EndGlobal
