
Microsoft Visual Studio Solution File, Format Version 12.00
# Visual Studio Version 16
VisualStudioVersion = 16.0.31205.134
MinimumVisualStudioVersion = 10.0.40219.1
Project("{FAE04EC0-301F-11D3-BF4B-00C04F79EFBC}") = "Hospital", "Hospital\Hospital.csproj", "{FAC267BE-2B6B-43DB-9BEB-2773229D1387}"
EndProject
Global
	GlobalSection(SolutionConfigurationPlatforms) = preSolution
		Debug|Any CPU = Debug|Any CPU
		Release|Any CPU = Release|Any CPU
	EndGlobalSection
	GlobalSection(ProjectConfigurationPlatforms) = postSolution
		{FAC267BE-2B6B-43DB-9BEB-2773229D1387}.Debug|Any CPU.ActiveCfg = Debug|Any CPU
		{FAC267BE-2B6B-43DB-9BEB-2773229D1387}.Debug|Any CPU.Build.0 = Debug|Any CPU
		{FAC267BE-2B6B-43DB-9BEB-2773229D1387}.Release|Any CPU.ActiveCfg = Release|Any CPU
		{FAC267BE-2B6B-43DB-9BEB-2773229D1387}.Release|Any CPU.Build.0 = Release|Any CPU
	EndGlobalSection
	GlobalSection(SolutionProperties) = preSolution
		HideSolutionNode = FALSE
	EndGlobalSection
	GlobalSection(ExtensibilityGlobals) = postSolution
		SolutionGuid = {995B24EF-140C-4D3A-96B8-B52CFE30B6E2}
	EndGlobalSection
EndGlobal
