
Microsoft Visual Studio Solution File, Format Version 12.00
Project("{FAE04EC0-301F-11D3-BF4B-00C04F79EFBC}") = "E3rab", "E3rab\E3rab.csproj", "{47FECC2A-463F-4189-87D1-D03657FFC882}"
EndProject
Global
	GlobalSection(SolutionConfigurationPlatforms) = preSolution
		Debug|Any CPU = Debug|Any CPU
		Release|Any CPU = Release|Any CPU
	EndGlobalSection
	GlobalSection(ProjectConfigurationPlatforms) = postSolution
		{47FECC2A-463F-4189-87D1-D03657FFC882}.Debug|Any CPU.ActiveCfg = Debug|Any CPU
		{47FECC2A-463F-4189-87D1-D03657FFC882}.Debug|Any CPU.Build.0 = Debug|Any CPU
		{47FECC2A-463F-4189-87D1-D03657FFC882}.Release|Any CPU.ActiveCfg = Release|Any CPU
		{47FECC2A-463F-4189-87D1-D03657FFC882}.Release|Any CPU.Build.0 = Release|Any CPU
	EndGlobalSection
EndGlobal
