
Microsoft Visual Studio Solution File, Format Version 12.00
# Visual Studio Version 16
VisualStudioVersion = 16.0.31402.337
MinimumVisualStudioVersion = 10.0.40219.1
Project("{FAE04EC0-301F-11D3-BF4B-00C04F79EFBC}") = "Project03", "Project03\Project03.csproj", "{CFA467C0-583D-42F9-8E17-AD0CA1B2875B}"
EndProject
Global
	GlobalSection(SolutionConfigurationPlatforms) = preSolution
		Debug|Any CPU = Debug|Any CPU
		Release|Any CPU = Release|Any CPU
	EndGlobalSection
	GlobalSection(ProjectConfigurationPlatforms) = postSolution
		{CFA467C0-583D-42F9-8E17-AD0CA1B2875B}.Debug|Any CPU.ActiveCfg = Debug|Any CPU
		{CFA467C0-583D-42F9-8E17-AD0CA1B2875B}.Debug|Any CPU.Build.0 = Debug|Any CPU
		{CFA467C0-583D-42F9-8E17-AD0CA1B2875B}.Release|Any CPU.ActiveCfg = Release|Any CPU
		{CFA467C0-583D-42F9-8E17-AD0CA1B2875B}.Release|Any CPU.Build.0 = Release|Any CPU
	EndGlobalSection
	GlobalSection(SolutionProperties) = preSolution
		HideSolutionNode = FALSE
	EndGlobalSection
	GlobalSection(ExtensibilityGlobals) = postSolution
		SolutionGuid = {900C3B56-6174-4BB6-BA7B-39DB8F0840E1}
	EndGlobalSection
EndGlobal
